
Microsoft Visual Studio Solution File, Format Version 12.00
# Visual Studio 15
VisualStudioVersion = 15.0.26228.76
MinimumVisualStudioVersion = 10.0.40219.1
Project("{FAE04EC0-301F-11D3-BF4B-00C04F79EFBC}") = "WeAppAnotherAttempt", "WeAppAnotherAttempt\WeAppAnotherAttempt.csproj", "{B85126AD-E40F-4707-A262-B615642E212A}"
EndProject
Global
	GlobalSection(SolutionConfigurationPlatforms) = preSolution
		Debug|Any CPU = Debug|Any CPU
		Release|Any CPU = Release|Any CPU
	EndGlobalSection
	GlobalSection(ProjectConfigurationPlatforms) = postSolution
		{B85126AD-E40F-4707-A262-B615642E212A}.Debug|Any CPU.ActiveCfg = Debug|Any CPU
		{B85126AD-E40F-4707-A262-B615642E212A}.Debug|Any CPU.Build.0 = Debug|Any CPU
		{B85126AD-E40F-4707-A262-B615642E212A}.Release|Any CPU.ActiveCfg = Release|Any CPU
		{B85126AD-E40F-4707-A262-B615642E212A}.Release|Any CPU.Build.0 = Release|Any CPU
	EndGlobalSection
	GlobalSection(SolutionProperties) = preSolution
		HideSolutionNode = FALSE
	EndGlobalSection
EndGlobal
